
Microsoft Visual Studio Solution File, Format Version 12.00
# Visual Studio Version 16
VisualStudioVersion = 16.0.31515.178
MinimumVisualStudioVersion = 10.0.40219.1
Project("{F184B08F-C81C-45F6-A57F-5ABD9991F28F}") = "AlwaysMusic", "WindowsApp1\AlwaysMusic.vbproj", "{E2EFB54F-09E8-402C-9FEA-EB0E15E0068C}"
EndProject
Global
	GlobalSection(SolutionConfigurationPlatforms) = preSolution
		Debug|Any CPU = Debug|Any CPU
		Release|Any CPU = Release|Any CPU
	EndGlobalSection
	GlobalSection(ProjectConfigurationPlatforms) = postSolution
		{E2EFB54F-09E8-402C-9FEA-EB0E15E0068C}.Debug|Any CPU.ActiveCfg = Debug|Any CPU
		{E2EFB54F-09E8-402C-9FEA-EB0E15E0068C}.Debug|Any CPU.Build.0 = Debug|Any CPU
		{E2EFB54F-09E8-402C-9FEA-EB0E15E0068C}.Release|Any CPU.ActiveCfg = Release|Any CPU
		{E2EFB54F-09E8-402C-9FEA-EB0E15E0068C}.Release|Any CPU.Build.0 = Release|Any CPU
	EndGlobalSection
	GlobalSection(SolutionProperties) = preSolution
		HideSolutionNode = FALSE
	EndGlobalSection
	GlobalSection(ExtensibilityGlobals) = postSolution
		SolutionGuid = {49A1A691-0944-4D86-8010-18982559727F}
	EndGlobalSection
EndGlobal
